
Microsoft Visual Studio Solution File, Format Version 12.00
# Visual Studio Version 17
VisualStudioVersion = 17.8.34316.72
MinimumVisualStudioVersion = 10.0.40219.1
Project("{9A19103F-16F7-4668-BE54-9A1E7A4F7556}") = "DZ.1.12.23", "DZ.1.12.23\DZ.1.12.23.csproj", "{962AA0B1-CE61-4C8B-BADB-A0819CEAD5E6}"
EndProject
Project("{9A19103F-16F7-4668-BE54-9A1E7A4F7556}") = "DZ.4.12.23", "DZ.4.12.23\DZ.4.12.23.csproj", "{769E460D-29D4-4D03-82C4-C80A1A173E34}"
EndProject
Project("{9A19103F-16F7-4668-BE54-9A1E7A4F7556}") = "DZ.8.12.23", "DZ.8.12.23\DZ.8.12.23.csproj", "{E6FCBDD8-5CA7-42EC-A95B-4AF0EC719888}"
EndProject
Project("{9A19103F-16F7-4668-BE54-9A1E7A4F7556}") = "Library1", "Library1\Library1.csproj", "{3FB58BB1-2CFB-4FC4-9C3D-271F7F17AA0B}"
EndProject
Project("{FAE04EC0-301F-11D3-BF4B-00C04F79EFBC}") = "DZ.8.12.23.Task_3", "DZ.8.12.23.Task_3\DZ.8.12.23.Task_3.csproj", "{4DD5120F-08EE-475F-888B-1081CE799108}"
EndProject
Global
	GlobalSection(SolutionConfigurationPlatforms) = preSolution
		Debug|Any CPU = Debug|Any CPU
		Release|Any CPU = Release|Any CPU
	EndGlobalSection
	GlobalSection(ProjectConfigurationPlatforms) = postSolution
		{962AA0B1-CE61-4C8B-BADB-A0819CEAD5E6}.Debug|Any CPU.ActiveCfg = Debug|Any CPU
		{962AA0B1-CE61-4C8B-BADB-A0819CEAD5E6}.Debug|Any CPU.Build.0 = Debug|Any CPU
		{962AA0B1-CE61-4C8B-BADB-A0819CEAD5E6}.Release|Any CPU.ActiveCfg = Release|Any CPU
		{962AA0B1-CE61-4C8B-BADB-A0819CEAD5E6}.Release|Any CPU.Build.0 = Release|Any CPU
		{769E460D-29D4-4D03-82C4-C80A1A173E34}.Debug|Any CPU.ActiveCfg = Debug|Any CPU
		{769E460D-29D4-4D03-82C4-C80A1A173E34}.Debug|Any CPU.Build.0 = Debug|Any CPU
		{769E460D-29D4-4D03-82C4-C80A1A173E34}.Release|Any CPU.ActiveCfg = Release|Any CPU
		{769E460D-29D4-4D03-82C4-C80A1A173E34}.Release|Any CPU.Build.0 = Release|Any CPU
		{E6FCBDD8-5CA7-42EC-A95B-4AF0EC719888}.Debug|Any CPU.ActiveCfg = Debug|Any CPU
		{E6FCBDD8-5CA7-42EC-A95B-4AF0EC719888}.Debug|Any CPU.Build.0 = Debug|Any CPU
		{E6FCBDD8-5CA7-42EC-A95B-4AF0EC719888}.Release|Any CPU.ActiveCfg = Release|Any CPU
		{E6FCBDD8-5CA7-42EC-A95B-4AF0EC719888}.Release|Any CPU.Build.0 = Release|Any CPU
		{3FB58BB1-2CFB-4FC4-9C3D-271F7F17AA0B}.Debug|Any CPU.ActiveCfg = Debug|Any CPU
		{3FB58BB1-2CFB-4FC4-9C3D-271F7F17AA0B}.Debug|Any CPU.Build.0 = Debug|Any CPU
		{3FB58BB1-2CFB-4FC4-9C3D-271F7F17AA0B}.Release|Any CPU.ActiveCfg = Release|Any CPU
		{3FB58BB1-2CFB-4FC4-9C3D-271F7F17AA0B}.Release|Any CPU.Build.0 = Release|Any CPU
		{4DD5120F-08EE-475F-888B-1081CE799108}.Debug|Any CPU.ActiveCfg = Debug|Any CPU
		{4DD5120F-08EE-475F-888B-1081CE799108}.Debug|Any CPU.Build.0 = Debug|Any CPU
		{4DD5120F-08EE-475F-888B-1081CE799108}.Release|Any CPU.ActiveCfg = Release|Any CPU
		{4DD5120F-08EE-475F-888B-1081CE799108}.Release|Any CPU.Build.0 = Release|Any CPU
	EndGlobalSection
	GlobalSection(SolutionProperties) = preSolution
		HideSolutionNode = FALSE
	EndGlobalSection
	GlobalSection(ExtensibilityGlobals) = postSolution
		SolutionGuid = {E9E60446-C37B-4AAA-94F7-6830A2D30367}
	EndGlobalSection
EndGlobal
